schema: '2.0'
stages:
  load:
    cmd: python scripts/load.py
    deps:
    - path: scripts/load.py
      hash: md5
      md5: 5163d8141a0d571997751f67f7b567f9
      size: 212
    outs:
    - path: artifacts/resnet50-unet:v1
      hash: md5
      md5: 8b74f21cc05d31931857923324673ed9.dir
      size: 130415674
      nfiles: 1
  predict:
    cmd: python scripts/predict.py
    deps:
    - path: artifacts/resnet50-unet:v1
      hash: md5
      md5: 8b74f21cc05d31931857923324673ed9.dir
      size: 130415674
      nfiles: 1
    - path: runner/runner.py
      hash: md5
      md5: 5a129fba01f88fc5e17a5d216a9f069a
      size: 1852
    - path: scripts/predict.py
      hash: md5
      md5: 1e1f00a52eca555a3480083b5ad11759
      size: 858
    - path: utils/inference.py
      hash: md5
      md5: 47dd04582ccc576c74367087226d5239
      size: 4847
    - path: utils/server.py
      hash: md5
      md5: 39b84f4061544a0cbdf1e2051e99c8bf
      size: 488
  export:
    cmd: bash scripts/export.sh
    deps:
    - path: dynamic.db
      hash: md5
      md5: a71ad858e43c109875dcec5e2196dd3d
      size: 225280
    - path: scripts/export.sh
      hash: md5
      md5: 44baa7b8e404083e3cf47ef375caf794
      size: 592
    outs:
    - path: dynamic.csv
      hash: md5
      md5: fd39494bb56f9a6842370bf962beb462
      size: 181862
